
Microsoft Visual Studio Solution File, Format Version 12.00
# Visual Studio Version 17
VisualStudioVersion = 17.9.34728.123
MinimumVisualStudioVersion = 10.0.40219.1
Project("{FAE04EC0-301F-11D3-BF4B-00C04F79EFBC}") = "Entity-FrameWork", "Entity-FrameWork.csproj", "{6B1BDA26-A22E-4A5F-B830-F329A935F8A1}"
EndProject
Global
	GlobalSection(SolutionConfigurationPlatforms) = preSolution
		Debug|Any CPU = Debug|Any CPU
		Release|Any CPU = Release|Any CPU
	EndGlobalSection
	GlobalSection(ProjectConfigurationPlatforms) = postSolution
		{6B1BDA26-A22E-4A5F-B830-F329A935F8A1}.Debug|Any CPU.ActiveCfg = Debug|Any CPU
		{6B1BDA26-A22E-4A5F-B830-F329A935F8A1}.Debug|Any CPU.Build.0 = Debug|Any CPU
		{6B1BDA26-A22E-4A5F-B830-F329A935F8A1}.Release|Any CPU.ActiveCfg = Release|Any CPU
		{6B1BDA26-A22E-4A5F-B830-F329A935F8A1}.Release|Any CPU.Build.0 = Release|Any CPU
	EndGlobalSection
	GlobalSection(SolutionProperties) = preSolution
		HideSolutionNode = FALSE
	EndGlobalSection
	GlobalSection(ExtensibilityGlobals) = postSolution
		SolutionGuid = {EAADFDF4-ABBD-4C45-AFA3-FC897665DAE3}
	EndGlobalSection
EndGlobal
